
Microsoft Visual Studio Solution File, Format Version 12.00
# Visual Studio 2015
Project("{FAE04EC0-301F-11D3-BF4B-00C04F79EFBC}") = "advance-wars2.CSharp", "advance-wars2.CSharp.csproj", "{AB6C8461-6458-6E21-C1B0-8E2E678297F4}"
EndProject
Global
	GlobalSection(SolutionConfigurationPlatforms) = preSolution
		Debug|Any CPU = Debug|Any CPU
		Release|Any CPU = Release|Any CPU
	EndGlobalSection
	GlobalSection(ProjectConfigurationPlatforms) = postSolution
		{AB6C8461-6458-6E21-C1B0-8E2E678297F4}.Debug|Any CPU.ActiveCfg = Debug|Any CPU
		{AB6C8461-6458-6E21-C1B0-8E2E678297F4}.Debug|Any CPU.Build.0 = Debug|Any CPU
		{AB6C8461-6458-6E21-C1B0-8E2E678297F4}.Release|Any CPU.ActiveCfg = Release|Any CPU
		{AB6C8461-6458-6E21-C1B0-8E2E678297F4}.Release|Any CPU.Build.0 = Release|Any CPU
	EndGlobalSection
	GlobalSection(SolutionProperties) = preSolution
		HideSolutionNode = FALSE
	EndGlobalSection
EndGlobal
